
Microsoft Visual Studio Solution File, Format Version 12.00
# Visual Studio Version 16
VisualStudioVersion = 16.0.30011.22
MinimumVisualStudioVersion = 10.0.40219.1
Project("{9A19103F-16F7-4668-BE54-9A1E7A4F7556}") = "ControllizerDeckProject", "ControllizerDeckProject\ControllizerDeckProject.csproj", "{F91384D1-902F-4D4F-B48D-4B0BDAB13322}"
EndProject
Project("{9A19103F-16F7-4668-BE54-9A1E7A4F7556}") = "ControllizerCoreTests", "ControllizerCoreTests\ControllizerCoreTests.csproj", "{FD1AFF41-00FA-4372-B651-10B89EA8A091}"
	ProjectSection(ProjectDependencies) = postProject
		{F91384D1-902F-4D4F-B48D-4B0BDAB13322} = {F91384D1-902F-4D4F-B48D-4B0BDAB13322}
	EndProjectSection
EndProject
Project("{9A19103F-16F7-4668-BE54-9A1E7A4F7556}") = "ControllizerCore", "ControllizerCore\ControllizerCore.csproj", "{869556A6-14DC-4192-AC9F-817E3D6A89FB}"
EndProject
Project("{FAE04EC0-301F-11D3-BF4B-00C04F79EFBC}") = "ControllizerDeckUpdater", "ControllizerDeckUpdater\ControllizerDeckUpdater.csproj", "{FF9CD8D4-5CD0-4146-98C1-CF286BC62932}"
EndProject
Project("{FAE04EC0-301F-11D3-BF4B-00C04F79EFBC}") = "ControllizerDeckFileUpdateGenerator", "ControllizerDeckFileUpdateGenerator\ControllizerDeckFileUpdateGenerator.csproj", "{60B0F13A-3F88-4011-9770-3D401CC6E4D9}"
EndProject
Global
	GlobalSection(SolutionConfigurationPlatforms) = preSolution
		Debug|Any CPU = Debug|Any CPU
		Release|Any CPU = Release|Any CPU
	EndGlobalSection
	GlobalSection(ProjectConfigurationPlatforms) = postSolution
		{F91384D1-902F-4D4F-B48D-4B0BDAB13322}.Debug|Any CPU.ActiveCfg = Debug|Any CPU
		{F91384D1-902F-4D4F-B48D-4B0BDAB13322}.Debug|Any CPU.Build.0 = Debug|Any CPU
		{F91384D1-902F-4D4F-B48D-4B0BDAB13322}.Release|Any CPU.ActiveCfg = Release|Any CPU
		{F91384D1-902F-4D4F-B48D-4B0BDAB13322}.Release|Any CPU.Build.0 = Release|Any CPU
		{FD1AFF41-00FA-4372-B651-10B89EA8A091}.Debug|Any CPU.ActiveCfg = Debug|Any CPU
		{FD1AFF41-00FA-4372-B651-10B89EA8A091}.Debug|Any CPU.Build.0 = Debug|Any CPU
		{FD1AFF41-00FA-4372-B651-10B89EA8A091}.Release|Any CPU.ActiveCfg = Release|Any CPU
		{FD1AFF41-00FA-4372-B651-10B89EA8A091}.Release|Any CPU.Build.0 = Release|Any CPU
		{869556A6-14DC-4192-AC9F-817E3D6A89FB}.Debug|Any CPU.ActiveCfg = Debug|Any CPU
		{869556A6-14DC-4192-AC9F-817E3D6A89FB}.Debug|Any CPU.Build.0 = Debug|Any CPU
		{869556A6-14DC-4192-AC9F-817E3D6A89FB}.Release|Any CPU.ActiveCfg = Release|Any CPU
		{869556A6-14DC-4192-AC9F-817E3D6A89FB}.Release|Any CPU.Build.0 = Release|Any CPU
		{FF9CD8D4-5CD0-4146-98C1-CF286BC62932}.Debug|Any CPU.ActiveCfg = Debug|Any CPU
		{FF9CD8D4-5CD0-4146-98C1-CF286BC62932}.Debug|Any CPU.Build.0 = Debug|Any CPU
		{FF9CD8D4-5CD0-4146-98C1-CF286BC62932}.Release|Any CPU.ActiveCfg = Release|Any CPU
		{FF9CD8D4-5CD0-4146-98C1-CF286BC62932}.Release|Any CPU.Build.0 = Release|Any CPU
		{60B0F13A-3F88-4011-9770-3D401CC6E4D9}.Debug|Any CPU.ActiveCfg = Debug|Any CPU
		{60B0F13A-3F88-4011-9770-3D401CC6E4D9}.Debug|Any CPU.Build.0 = Debug|Any CPU
		{60B0F13A-3F88-4011-9770-3D401CC6E4D9}.Release|Any CPU.ActiveCfg = Release|Any CPU
		{60B0F13A-3F88-4011-9770-3D401CC6E4D9}.Release|Any CPU.Build.0 = Release|Any CPU
	EndGlobalSection
	GlobalSection(SolutionProperties) = preSolution
		HideSolutionNode = FALSE
	EndGlobalSection
	GlobalSection(ExtensibilityGlobals) = postSolution
		SolutionGuid = {008D1464-03A0-4722-AB28-60BFB67A3E3A}
	EndGlobalSection
EndGlobal
